hash: 707220d2dd0b462e424c2b9e9b0c482a472b7938e32c7f8c67b73e4daad0d6f1
updated: 2017-04-20T14:20:29.020527855-07:00
imports:
- name: github.com/ghodss/yaml
  version: 04f313413ffd65ce25f2541bfd2b2ceec5c0908c
- name: github.com/gorilla/context
  version: 08b5f424b9271eedf6f9f0ce86cb9396ed337a42
- name: github.com/gorilla/mux
  version: 392c28fe23e1c45ddba891b0320b3b5df220beea
- name: github.com/kubernetes-incubator/service-catalog
  version: bb3a42a28500d99816fb93900aca6576f2951544
  subpackages:
  - broker/controller
  - broker/k8s/controller
  - broker/server
  - model
  - model/service_broker
  - pkg
  - pkg/brokerapi
  - registry/server
  - util
- name: gopkg.in/yaml.v2
  version: a3f3340b5840cee44f372bddb5880fcbc419b46a
testImports:
- name: github.com/onsi/ginkgo
  version: 77a8c1e5c40d6bb6c5eb4dd4bdce9763564f6298
  subpackages:
  - config
  - internal/codelocation
  - internal/containernode
  - internal/failer
  - internal/leafnodes
  - internal/remote
  - internal/spec
  - internal/spec_iterator
  - internal/specrunner
  - internal/suite
  - internal/testingtproxy
  - internal/writer
  - reporters
  - reporters/stenographer
  - reporters/stenographer/support/go-colorable
  - reporters/stenographer/support/go-isatty
  - types
- name: github.com/onsi/gomega
  version: 334b8f472b3af5d541c5642701c1e29e2126f486
  subpackages:
  - format
  - internal/assertion
  - internal/asyncassertion
  - internal/oraclematcher
  - internal/testingtsupport
  - matchers
  - matchers/support/goraph/bipartitegraph
  - matchers/support/goraph/edge
  - matchers/support/goraph/node
  - matchers/support/goraph/util
  - types
- name: golang.org/x/sys
  version: f3918c30c5c2cb527c0b071a27c35120a6c0719a
  subpackages:
  - unix
